
Microsoft Visual Studio Solution File, Format Version 12.00
# Visual Studio Version 16
VisualStudioVersion = 16.0.30907.101
MinimumVisualStudioVersion = 15.0.26124.0
Project("{2150E333-8FDC-42A3-9474-1A3956D46DE8}") = "src", "src", "{222FDA6F-E491-4DAB-8F77-2495057E7C88}"
EndProject
Project("{9A19103F-16F7-4668-BE54-9A1E7A4F7556}") = "Core", "src\Core\Core.csproj", "{248CC662-4308-4393-B25F-ACB6B1AAC0EB}"
EndProject
Project("{9A19103F-16F7-4668-BE54-9A1E7A4F7556}") = "Database", "src\Database\Database.csproj", "{8EC2326A-196B-4A89-A660-963F9EF5EE7D}"
EndProject
Project("{2150E333-8FDC-42A3-9474-1A3956D46DE8}") = "docs", "docs", "{61E796F6-781F-4A26-A518-4E3082B93B45}"
EndProject
Project("{2150E333-8FDC-42A3-9474-1A3956D46DE8}") = "mocks", "mocks", "{99EA8F8B-745E-4E7A-A1BF-439A04200F2B}"
	ProjectSection(SolutionItems) = preProject
		Mocks\db.json = Mocks\db.json
	EndProjectSection
EndProject
Project("{9A19103F-16F7-4668-BE54-9A1E7A4F7556}") = "Backend", "src\Backend\Backend.csproj", "{2B0BB96A-E2A7-4670-8D85-2AA06F8050ED}"
EndProject
Project("{2150E333-8FDC-42A3-9474-1A3956D46DE8}") = "test", "test", "{5F804721-1CB9-4CE5-95A2-82B363E93512}"
EndProject
Project("{9A19103F-16F7-4668-BE54-9A1E7A4F7556}") = "Backend.Tests", "test\Backend.Tests\Backend.Tests.csproj", "{DEBB64FE-3D2F-4516-9465-AAF70E785419}"
EndProject
Project("{9A19103F-16F7-4668-BE54-9A1E7A4F7556}") = "InfrastructureJson", "src\InfrastructureJson\InfrastructureJson.csproj", "{F015FF0C-FB9C-4C36-808C-1A47BFBA3FF2}"
EndProject
Project("{9A19103F-16F7-4668-BE54-9A1E7A4F7556}") = "InfrastructureEF", "src\InfrastructureEF\InfrastructureEF.csproj", "{4F963433-4FC3-419B-9230-87011988DA1C}"
EndProject
Global
	GlobalSection(SolutionConfigurationPlatforms) = preSolution
		Debug|Any CPU = Debug|Any CPU
		Debug|x64 = Debug|x64
		Debug|x86 = Debug|x86
		Release|Any CPU = Release|Any CPU
		Release|x64 = Release|x64
		Release|x86 = Release|x86
	EndGlobalSection
	GlobalSection(ProjectConfigurationPlatforms) = postSolution
		{248CC662-4308-4393-B25F-ACB6B1AAC0EB}.Debug|Any CPU.ActiveCfg = Debug|Any CPU
		{248CC662-4308-4393-B25F-ACB6B1AAC0EB}.Debug|Any CPU.Build.0 = Debug|Any CPU
		{248CC662-4308-4393-B25F-ACB6B1AAC0EB}.Debug|x64.ActiveCfg = Debug|Any CPU
		{248CC662-4308-4393-B25F-ACB6B1AAC0EB}.Debug|x64.Build.0 = Debug|Any CPU
		{248CC662-4308-4393-B25F-ACB6B1AAC0EB}.Debug|x86.ActiveCfg = Debug|Any CPU
		{248CC662-4308-4393-B25F-ACB6B1AAC0EB}.Debug|x86.Build.0 = Debug|Any CPU
		{248CC662-4308-4393-B25F-ACB6B1AAC0EB}.Release|Any CPU.ActiveCfg = Release|Any CPU
		{248CC662-4308-4393-B25F-ACB6B1AAC0EB}.Release|Any CPU.Build.0 = Release|Any CPU
		{248CC662-4308-4393-B25F-ACB6B1AAC0EB}.Release|x64.ActiveCfg = Release|Any CPU
		{248CC662-4308-4393-B25F-ACB6B1AAC0EB}.Release|x64.Build.0 = Release|Any CPU
		{248CC662-4308-4393-B25F-ACB6B1AAC0EB}.Release|x86.ActiveCfg = Release|Any CPU
		{248CC662-4308-4393-B25F-ACB6B1AAC0EB}.Release|x86.Build.0 = Release|Any CPU
		{8EC2326A-196B-4A89-A660-963F9EF5EE7D}.Debug|Any CPU.ActiveCfg = Debug|Any CPU
		{8EC2326A-196B-4A89-A660-963F9EF5EE7D}.Debug|Any CPU.Build.0 = Debug|Any CPU
		{8EC2326A-196B-4A89-A660-963F9EF5EE7D}.Debug|x64.ActiveCfg = Debug|Any CPU
		{8EC2326A-196B-4A89-A660-963F9EF5EE7D}.Debug|x64.Build.0 = Debug|Any CPU
		{8EC2326A-196B-4A89-A660-963F9EF5EE7D}.Debug|x86.ActiveCfg = Debug|Any CPU
		{8EC2326A-196B-4A89-A660-963F9EF5EE7D}.Debug|x86.Build.0 = Debug|Any CPU
		{8EC2326A-196B-4A89-A660-963F9EF5EE7D}.Release|Any CPU.ActiveCfg = Release|Any CPU
		{8EC2326A-196B-4A89-A660-963F9EF5EE7D}.Release|Any CPU.Build.0 = Release|Any CPU
		{8EC2326A-196B-4A89-A660-963F9EF5EE7D}.Release|x64.ActiveCfg = Release|Any CPU
		{8EC2326A-196B-4A89-A660-963F9EF5EE7D}.Release|x64.Build.0 = Release|Any CPU
		{8EC2326A-196B-4A89-A660-963F9EF5EE7D}.Release|x86.ActiveCfg = Release|Any CPU
		{8EC2326A-196B-4A89-A660-963F9EF5EE7D}.Release|x86.Build.0 = Release|Any CPU
		{2B0BB96A-E2A7-4670-8D85-2AA06F8050ED}.Debug|Any CPU.ActiveCfg = Debug|Any CPU
		{2B0BB96A-E2A7-4670-8D85-2AA06F8050ED}.Debug|Any CPU.Build.0 = Debug|Any CPU
		{2B0BB96A-E2A7-4670-8D85-2AA06F8050ED}.Debug|x64.ActiveCfg = Debug|Any CPU
		{2B0BB96A-E2A7-4670-8D85-2AA06F8050ED}.Debug|x64.Build.0 = Debug|Any CPU
		{2B0BB96A-E2A7-4670-8D85-2AA06F8050ED}.Debug|x86.ActiveCfg = Debug|Any CPU
		{2B0BB96A-E2A7-4670-8D85-2AA06F8050ED}.Debug|x86.Build.0 = Debug|Any CPU
		{2B0BB96A-E2A7-4670-8D85-2AA06F8050ED}.Release|Any CPU.ActiveCfg = Release|Any CPU
		{2B0BB96A-E2A7-4670-8D85-2AA06F8050ED}.Release|Any CPU.Build.0 = Release|Any CPU
		{2B0BB96A-E2A7-4670-8D85-2AA06F8050ED}.Release|x64.ActiveCfg = Release|Any CPU
		{2B0BB96A-E2A7-4670-8D85-2AA06F8050ED}.Release|x64.Build.0 = Release|Any CPU
		{2B0BB96A-E2A7-4670-8D85-2AA06F8050ED}.Release|x86.ActiveCfg = Release|Any CPU
		{2B0BB96A-E2A7-4670-8D85-2AA06F8050ED}.Release|x86.Build.0 = Release|Any CPU
		{DEBB64FE-3D2F-4516-9465-AAF70E785419}.Debug|Any CPU.ActiveCfg = Debug|Any CPU
		{DEBB64FE-3D2F-4516-9465-AAF70E785419}.Debug|Any CPU.Build.0 = Debug|Any CPU
		{DEBB64FE-3D2F-4516-9465-AAF70E785419}.Debug|x64.ActiveCfg = Debug|Any CPU
		{DEBB64FE-3D2F-4516-9465-AAF70E785419}.Debug|x64.Build.0 = Debug|Any CPU
		{DEBB64FE-3D2F-4516-9465-AAF70E785419}.Debug|x86.ActiveCfg = Debug|Any CPU
		{DEBB64FE-3D2F-4516-9465-AAF70E785419}.Debug|x86.Build.0 = Debug|Any CPU
		{DEBB64FE-3D2F-4516-9465-AAF70E785419}.Release|Any CPU.ActiveCfg = Release|Any CPU
		{DEBB64FE-3D2F-4516-9465-AAF70E785419}.Release|Any CPU.Build.0 = Release|Any CPU
		{DEBB64FE-3D2F-4516-9465-AAF70E785419}.Release|x64.ActiveCfg = Release|Any CPU
		{DEBB64FE-3D2F-4516-9465-AAF70E785419}.Release|x64.Build.0 = Release|Any CPU
		{DEBB64FE-3D2F-4516-9465-AAF70E785419}.Release|x86.ActiveCfg = Release|Any CPU
		{DEBB64FE-3D2F-4516-9465-AAF70E785419}.Release|x86.Build.0 = Release|Any CPU
		{F015FF0C-FB9C-4C36-808C-1A47BFBA3FF2}.Debug|Any CPU.ActiveCfg = Debug|Any CPU
		{F015FF0C-FB9C-4C36-808C-1A47BFBA3FF2}.Debug|Any CPU.Build.0 = Debug|Any CPU
		{F015FF0C-FB9C-4C36-808C-1A47BFBA3FF2}.Debug|x64.ActiveCfg = Debug|Any CPU
		{F015FF0C-FB9C-4C36-808C-1A47BFBA3FF2}.Debug|x64.Build.0 = Debug|Any CPU
		{F015FF0C-FB9C-4C36-808C-1A47BFBA3FF2}.Debug|x86.ActiveCfg = Debug|Any CPU
		{F015FF0C-FB9C-4C36-808C-1A47BFBA3FF2}.Debug|x86.Build.0 = Debug|Any CPU
		{F015FF0C-FB9C-4C36-808C-1A47BFBA3FF2}.Release|Any CPU.ActiveCfg = Release|Any CPU
		{F015FF0C-FB9C-4C36-808C-1A47BFBA3FF2}.Release|Any CPU.Build.0 = Release|Any CPU
		{F015FF0C-FB9C-4C36-808C-1A47BFBA3FF2}.Release|x64.ActiveCfg = Release|Any CPU
		{F015FF0C-FB9C-4C36-808C-1A47BFBA3FF2}.Release|x64.Build.0 = Release|Any CPU
		{F015FF0C-FB9C-4C36-808C-1A47BFBA3FF2}.Release|x86.ActiveCfg = Release|Any CPU
		{F015FF0C-FB9C-4C36-808C-1A47BFBA3FF2}.Release|x86.Build.0 = Release|Any CPU
		{4F963433-4FC3-419B-9230-87011988DA1C}.Debug|Any CPU.ActiveCfg = Debug|Any CPU
		{4F963433-4FC3-419B-9230-87011988DA1C}.Debug|Any CPU.Build.0 = Debug|Any CPU
		{4F963433-4FC3-419B-9230-87011988DA1C}.Debug|x64.ActiveCfg = Debug|Any CPU
		{4F963433-4FC3-419B-9230-87011988DA1C}.Debug|x64.Build.0 = Debug|Any CPU
		{4F963433-4FC3-419B-9230-87011988DA1C}.Debug|x86.ActiveCfg = Debug|Any CPU
		{4F963433-4FC3-419B-9230-87011988DA1C}.Debug|x86.Build.0 = Debug|Any CPU
		{4F963433-4FC3-419B-9230-87011988DA1C}.Release|Any CPU.ActiveCfg = Release|Any CPU
		{4F963433-4FC3-419B-9230-87011988DA1C}.Release|Any CPU.Build.0 = Release|Any CPU
		{4F963433-4FC3-419B-9230-87011988DA1C}.Release|x64.ActiveCfg = Release|Any CPU
		{4F963433-4FC3-419B-9230-87011988DA1C}.Release|x64.Build.0 = Release|Any CPU
		{4F963433-4FC3-419B-9230-87011988DA1C}.Release|x86.ActiveCfg = Release|Any CPU
		{4F963433-4FC3-419B-9230-87011988DA1C}.Release|x86.Build.0 = Release|Any CPU
	EndGlobalSection
	GlobalSection(SolutionProperties) = preSolution
		HideSolutionNode = FALSE
	EndGlobalSection
	GlobalSection(NestedProjects) = preSolution
		{248CC662-4308-4393-B25F-ACB6B1AAC0EB} = {222FDA6F-E491-4DAB-8F77-2495057E7C88}
		{8EC2326A-196B-4A89-A660-963F9EF5EE7D} = {222FDA6F-E491-4DAB-8F77-2495057E7C88}
		{2B0BB96A-E2A7-4670-8D85-2AA06F8050ED} = {222FDA6F-E491-4DAB-8F77-2495057E7C88}
		{DEBB64FE-3D2F-4516-9465-AAF70E785419} = {5F804721-1CB9-4CE5-95A2-82B363E93512}
		{F015FF0C-FB9C-4C36-808C-1A47BFBA3FF2} = {222FDA6F-E491-4DAB-8F77-2495057E7C88}
		{4F963433-4FC3-419B-9230-87011988DA1C} = {222FDA6F-E491-4DAB-8F77-2495057E7C88}
	EndGlobalSection
	GlobalSection(ExtensibilityGlobals) = postSolution
		SolutionGuid = {1DC4F442-99CF-417E-80B6-6E4C904B31BD}
	EndGlobalSection
EndGlobal
